{
  "name": "startable-adaptor",
  "version": "0.0.1",
  "lockfileVersion": 2,
  "requires": true,
  "packages": {
    "": {
      "version": "0.0.1",
      "license": "ISC",
      "dependencies": {
        "@types/node": "^16.4.11",
        "startable": "github:zimtsui/startable"
      }
    },
    "node_modules/@types/events": {
      "version": "3.0.0",
      "resolved": "https://repo.huaweicloud.com/repository/npm/@types/events/-/events-3.0.0.tgz",
      "integrity": "sha512-EaObqwIvayI5a8dCzhFrjKzVwKLxjoG9T6Ppd5CEo07LRKfQ8Yokw54r5+Wq7FaBQ+yXRvQAYPrHwya1/UFt9g==",
      "license": "MIT"
    },
    "node_modules/@types/node": {
      "version": "16.4.11",
      "resolved": "https://repo.huaweicloud.com/repository/npm/@types/node/-/node-16.4.11.tgz",
      "integrity": "sha512-nWSFUbuNiPKJEe1IViuodSI+9cM+vpM8SWF/O6dJK7wmGRNq55U7XavJHrlRrPkSMuUZUFzg1xaZ1B+ZZCrRWw==",
      "license": "MIT"
    },
    "node_modules/events": {
      "version": "3.3.0",
      "resolved": "https://repo.huaweicloud.com/repository/npm/events/-/events-3.3.0.tgz",
      "integrity": "sha512-mQw+2fkQbALzQ7V0MY0IqdnXNOeTtP4r0lN9z7AAawCXgqea7bDii20AYrIBrFd/Hx0M2Ocz6S111CaFkUcb0Q==",
      "license": "MIT",
      "engines": {
        "node": ">=0.8.x"
      }
    },
    "node_modules/startable": {
      "version": "0.0.1",
      "resolved": "git+ssh://git@github.com/zimtsui/startable.git#185be1b1611685ff8504c3b656f483445ec318ea",
      "license": "SEE LICENSE IN ./LICENSE",
      "dependencies": {
        "@types/events": "^3.0.0",
        "events": "^3.3.0"
      }
    }
  },
  "dependencies": {
    "@types/events": {
      "version": "3.0.0",
      "resolved": "https://repo.huaweicloud.com/repository/npm/@types/events/-/events-3.0.0.tgz",
      "integrity": "sha512-EaObqwIvayI5a8dCzhFrjKzVwKLxjoG9T6Ppd5CEo07LRKfQ8Yokw54r5+Wq7FaBQ+yXRvQAYPrHwya1/UFt9g=="
    },
    "@types/node": {
      "version": "16.4.11",
      "resolved": "https://repo.huaweicloud.com/repository/npm/@types/node/-/node-16.4.11.tgz",
      "integrity": "sha512-nWSFUbuNiPKJEe1IViuodSI+9cM+vpM8SWF/O6dJK7wmGRNq55U7XavJHrlRrPkSMuUZUFzg1xaZ1B+ZZCrRWw=="
    },
    "events": {
      "version": "3.3.0",
      "resolved": "https://repo.huaweicloud.com/repository/npm/events/-/events-3.3.0.tgz",
      "integrity": "sha512-mQw+2fkQbALzQ7V0MY0IqdnXNOeTtP4r0lN9z7AAawCXgqea7bDii20AYrIBrFd/Hx0M2Ocz6S111CaFkUcb0Q=="
    },
    "startable": {
      "version": "git+ssh://git@github.com/zimtsui/startable.git#185be1b1611685ff8504c3b656f483445ec318ea",
      "from": "startable@github:zimtsui/startable",
      "requires": {
        "@types/events": "^3.0.0",
        "events": "^3.3.0"
      }
    }
  }
}
