{
  "name": "startable-adaptor",
  "version": "0.0.1",
  "lockfileVersion": 2,
  "requires": true,
  "packages": {
    "": {
      "name": "startable-adaptor",
      "version": "0.0.1",
      "os": [
        "!win32"
      ],
      "dependencies": {
        "@types/node": "^16.11.38",
        "@zimtsui/injektor": "^0.0.2"
      },
      "engines": {
        "node": ">=16"
      },
      "peerDependencies": {
        "startable": "github:zimtsui/startable"
      }
    },
    "node_modules/@types/assert": {
      "version": "1.5.6",
      "resolved": "https://registry.npmmirror.com/@types/assert/-/assert-1.5.6.tgz",
      "integrity": "sha512-Y7gDJiIqb9qKUHfBQYOWGngUpLORtirAVPuj/CWJrU2C6ZM4/y3XLwuwfGMF8s7QzW746LQZx23m0+1FSgjfug=="
    },
    "node_modules/@types/node": {
      "version": "16.11.38",
      "resolved": "https://registry.npmmirror.com/@types/node/-/node-16.11.38.tgz",
      "integrity": "sha512-hjO/0K140An3GWDw2HJfq7gko3wWeznbjXgg+rzPdVzhe198hp4x2i1dgveAOEiFKd8sOilAxzoSJiVv5P/CUg=="
    },
    "node_modules/@zimtsui/injektor": {
      "version": "0.0.2",
      "resolved": "https://registry.npmmirror.com/@zimtsui/injektor/-/injektor-0.0.2.tgz",
      "integrity": "sha512-kR1vjLbzr5/TdijgJ1RqP+Q+nNxXt2G83mQWkWpfrA3AJ5xhy4n9wJFdSN1QgO6rAshY13llwWizEsKrXnc7UA==",
      "dependencies": {
        "@types/assert": "^1.5.6",
        "assert": "^1.5.0"
      }
    },
    "node_modules/@zimtsui/manual-promise": {
      "version": "0.0.2",
      "resolved": "https://registry.npmmirror.com/@zimtsui/manual-promise/-/manual-promise-0.0.2.tgz",
      "integrity": "sha512-BxkF3+ncq7FiZVcjKuV9mCvmlwtiqgLbYgvyTOGN0G0/dKbvVqNrMv3mxjWUCeYO5g7ptNMBBVgehDRbcqQFmA==",
      "peer": true
    },
    "node_modules/assert": {
      "version": "1.5.0",
      "resolved": "https://registry.npmmirror.com/assert/-/assert-1.5.0.tgz",
      "integrity": "sha512-EDsgawzwoun2CZkCgtxJbv392v4nbk9XDD06zI+kQYoBM/3RBWLlEyJARDOmhAAosBjWACEkKL6S+lIZtcAubA==",
      "dependencies": {
        "object-assign": "^4.1.1",
        "util": "0.10.3"
      }
    },
    "node_modules/autobind-decorator": {
      "version": "2.4.0",
      "resolved": "https://registry.npmmirror.com/autobind-decorator/-/autobind-decorator-2.4.0.tgz",
      "integrity": "sha512-OGYhWUO72V6DafbF8PM8rm3EPbfuyMZcJhtm5/n26IDwO18pohE4eNazLoCGhPiXOCD0gEGmrbU3849QvM8bbw==",
      "peer": true,
      "engines": {
        "node": ">=8.10",
        "npm": ">=6.4.1"
      }
    },
    "node_modules/inherits": {
      "version": "2.0.1",
      "resolved": "https://registry.npmmirror.com/inherits/-/inherits-2.0.1.tgz",
      "integrity": "sha512-8nWq2nLTAwd02jTqJExUYFSD/fKq6VH9Y/oG2accc/kdI0V98Bag8d5a4gi3XHz73rDWa2PvTtvcWYquKqSENA=="
    },
    "node_modules/object-assign": {
      "version": "4.1.1",
      "resolved": "https://registry.npmmirror.com/object-assign/-/object-assign-4.1.1.tgz",
      "integrity": "sha512-rJgTQnkUnH1sFw8yT6VSU3zD3sWmu6sZhIseY8VX+GRu3P6F7Fu+JNDoXfklElbLJSnc3FUQHVe4cU5hj+BcUg==",
      "engines": {
        "node": ">=0.10.0"
      }
    },
    "node_modules/startable": {
      "version": "0.0.1",
      "resolved": "git+ssh://git@github.com/zimtsui/startable.git#15198bc79fa82b56c5b6f58c5874ef8486155434",
      "license": "SEE LICENSE IN ./LICENSE",
      "peer": true,
      "dependencies": {
        "@types/assert": "^1.5.6",
        "@zimtsui/injektor": "^0.0.2",
        "@zimtsui/manual-promise": "^0.0.2",
        "assert": "^1.5.0",
        "autobind-decorator": "^2.4.0"
      }
    },
    "node_modules/util": {
      "version": "0.10.3",
      "resolved": "https://registry.npmmirror.com/util/-/util-0.10.3.tgz",
      "integrity": "sha512-5KiHfsmkqacuKjkRkdV7SsfDJ2EGiPsK92s2MhNSY0craxjTdKTtqKsJaCWp4LW33ZZ0OPUv1WO/TFvNQRiQxQ==",
      "dependencies": {
        "inherits": "2.0.1"
      }
    }
  },
  "dependencies": {
    "@types/assert": {
      "version": "1.5.6",
      "resolved": "https://registry.npmmirror.com/@types/assert/-/assert-1.5.6.tgz",
      "integrity": "sha512-Y7gDJiIqb9qKUHfBQYOWGngUpLORtirAVPuj/CWJrU2C6ZM4/y3XLwuwfGMF8s7QzW746LQZx23m0+1FSgjfug=="
    },
    "@types/node": {
      "version": "16.11.38",
      "resolved": "https://registry.npmmirror.com/@types/node/-/node-16.11.38.tgz",
      "integrity": "sha512-hjO/0K140An3GWDw2HJfq7gko3wWeznbjXgg+rzPdVzhe198hp4x2i1dgveAOEiFKd8sOilAxzoSJiVv5P/CUg=="
    },
    "@zimtsui/injektor": {
      "version": "0.0.2",
      "resolved": "https://registry.npmmirror.com/@zimtsui/injektor/-/injektor-0.0.2.tgz",
      "integrity": "sha512-kR1vjLbzr5/TdijgJ1RqP+Q+nNxXt2G83mQWkWpfrA3AJ5xhy4n9wJFdSN1QgO6rAshY13llwWizEsKrXnc7UA==",
      "requires": {
        "@types/assert": "^1.5.6",
        "assert": "^1.5.0"
      }
    },
    "@zimtsui/manual-promise": {
      "version": "0.0.2",
      "resolved": "https://registry.npmmirror.com/@zimtsui/manual-promise/-/manual-promise-0.0.2.tgz",
      "integrity": "sha512-BxkF3+ncq7FiZVcjKuV9mCvmlwtiqgLbYgvyTOGN0G0/dKbvVqNrMv3mxjWUCeYO5g7ptNMBBVgehDRbcqQFmA==",
      "peer": true
    },
    "assert": {
      "version": "1.5.0",
      "resolved": "https://registry.npmmirror.com/assert/-/assert-1.5.0.tgz",
      "integrity": "sha512-EDsgawzwoun2CZkCgtxJbv392v4nbk9XDD06zI+kQYoBM/3RBWLlEyJARDOmhAAosBjWACEkKL6S+lIZtcAubA==",
      "requires": {
        "object-assign": "^4.1.1",
        "util": "0.10.3"
      }
    },
    "autobind-decorator": {
      "version": "2.4.0",
      "resolved": "https://registry.npmmirror.com/autobind-decorator/-/autobind-decorator-2.4.0.tgz",
      "integrity": "sha512-OGYhWUO72V6DafbF8PM8rm3EPbfuyMZcJhtm5/n26IDwO18pohE4eNazLoCGhPiXOCD0gEGmrbU3849QvM8bbw==",
      "peer": true
    },
    "inherits": {
      "version": "2.0.1",
      "resolved": "https://registry.npmmirror.com/inherits/-/inherits-2.0.1.tgz",
      "integrity": "sha512-8nWq2nLTAwd02jTqJExUYFSD/fKq6VH9Y/oG2accc/kdI0V98Bag8d5a4gi3XHz73rDWa2PvTtvcWYquKqSENA=="
    },
    "object-assign": {
      "version": "4.1.1",
      "resolved": "https://registry.npmmirror.com/object-assign/-/object-assign-4.1.1.tgz",
      "integrity": "sha512-rJgTQnkUnH1sFw8yT6VSU3zD3sWmu6sZhIseY8VX+GRu3P6F7Fu+JNDoXfklElbLJSnc3FUQHVe4cU5hj+BcUg=="
    },
    "startable": {
      "version": "git+ssh://git@github.com/zimtsui/startable.git#15198bc79fa82b56c5b6f58c5874ef8486155434",
      "from": "startable@github:zimtsui/startable",
      "peer": true,
      "requires": {
        "@types/assert": "^1.5.6",
        "@zimtsui/injektor": "^0.0.2",
        "@zimtsui/manual-promise": "^0.0.2",
        "assert": "^1.5.0",
        "autobind-decorator": "^2.4.0"
      }
    },
    "util": {
      "version": "0.10.3",
      "resolved": "https://registry.npmmirror.com/util/-/util-0.10.3.tgz",
      "integrity": "sha512-5KiHfsmkqacuKjkRkdV7SsfDJ2EGiPsK92s2MhNSY0craxjTdKTtqKsJaCWp4LW33ZZ0OPUv1WO/TFvNQRiQxQ==",
      "requires": {
        "inherits": "2.0.1"
      }
    }
  }
}
